{
  "name": "Urbanome",
  "lockfileVersion": 3,
  "requires": true,
  "packages": {
    "": {
      "dependencies": {
        "@geoman-io/leaflet-geoman-free": "^2.19.2"
      }
    },
    "node_modules/@geoman-io/leaflet-geoman-free": {
      "version": "2.19.2",
      "resolved": "https://registry.npmjs.org/@geoman-io/leaflet-geoman-free/-/leaflet-geoman-free-2.19.2.tgz",
      "integrity": "sha512-FYqLCFjCWLc1c5vel83i2ON77zPugH9qfxzLxTt+SiFiMgHjO1dSS59qz23aLLQ0hRWTQdycnxXGNmT+4OC9sg==",
      "license": "MIT",
      "dependencies": {
        "@turf/boolean-contains": "^7.3.3",
        "@turf/kinks": "^7.3.3",
        "@turf/line-intersect": "^7.3.3",
        "@turf/line-split": "^7.3.3",
        "lodash": "4.17.23",
        "polyclip-ts": "^0.16.8"
      },
      "engines": {
        "node": ">=18.0.0"
      },
      "peerDependencies": {
        "leaflet": "^1.2.0"
      }
    },
    "node_modules/@turf/bbox": {
      "version": "7.3.3",
      "resolved": "https://registry.npmjs.org/@turf/bbox/-/bbox-7.3.3.tgz",
      "integrity": "sha512-1zNO/JUgDp0N+3EG5fG7+8EolE95OW1LD8ur0hRP0JK+lRyN0gAvJT7n1I9pu/NIqTa8x/zXxGRc1dcOdohYkg==",
      "license": "MIT",
      "dependencies": {
        "@turf/helpers": "7.3.3",
        "@turf/meta": "7.3.3",
        "@types/geojson": "^7946.0.10",
        "tslib": "^2.8.1"
      },
      "funding": {
        "url": "https://opencollective.com/turf"
      }
    },
    "node_modules/@turf/boolean-contains": {
      "version": "7.3.3",
      "resolved": "https://registry.npmjs.org/@turf/boolean-contains/-/boolean-contains-7.3.3.tgz",
      "integrity": "sha512-uwg7g7NHmyz4eVXh2g+4yWTgdIf5U7EsWb4bqJfVKprtvVeu/E9IWJIYs4haoAwEfVdOIUxTRErAf4IFPj8aqQ==",
      "license": "MIT",
      "dependencies": {
        "@turf/bbox": "7.3.3",
        "@turf/boolean-point-in-polygon": "7.3.3",
        "@turf/boolean-point-on-line": "7.3.3",
        "@turf/helpers": "7.3.3",
        "@turf/invariant": "7.3.3",
        "@turf/line-split": "7.3.3",
        "@types/geojson": "^7946.0.10",
        "tslib": "^2.8.1"
      },
      "funding": {
        "url": "https://opencollective.com/turf"
      }
    },
    "node_modules/@turf/boolean-point-in-polygon": {
      "version": "7.3.3",
      "resolved": "https://registry.npmjs.org/@turf/boolean-point-in-polygon/-/boolean-point-in-polygon-7.3.3.tgz",
      "integrity": "sha512-hmXV4PofLAVbVZcnKk/yp//0s65huap+L3wKGKzbLWk57fWla/eRmFKx/iQ15xGu05zylHz5cA5AfriVGZHj2g==",
      "license": "MIT",
      "dependencies": {
        "@turf/helpers": "7.3.3",
        "@turf/invariant": "7.3.3",
        "@types/geojson": "^7946.0.10",
        "point-in-polygon-hao": "^1.1.0",
        "tslib": "^2.8.1"
      },
      "funding": {
        "url": "https://opencollective.com/turf"
      }
    },
    "node_modules/@turf/boolean-point-on-line": {
      "version": "7.3.3",
      "resolved": "https://registry.npmjs.org/@turf/boolean-point-on-line/-/boolean-point-on-line-7.3.3.tgz",
      "integrity": "sha512-iHLLdIdPNs29PgWGvsgdHTk3FntDAH0ILzcfsu/Uwdxbubz0GcPEWRFtMNKdszOQLT8LOtpJAgO617iiYNIkng==",
      "license": "MIT",
      "dependencies": {
        "@turf/helpers": "7.3.3",
        "@turf/invariant": "7.3.3",
        "@types/geojson": "^7946.0.10",
        "tslib": "^2.8.1"
      },
      "funding": {
        "url": "https://opencollective.com/turf"
      }
    },
    "node_modules/@turf/distance": {
      "version": "7.3.3",
      "resolved": "https://registry.npmjs.org/@turf/distance/-/distance-7.3.3.tgz",
      "integrity": "sha512-bmv0GzqlICjMWuQ05ipDDbT9ppQUMNo02+T5f/rPF9hSEXCPkSJQ1OdQ6XjUGzdJ/vxgES4DM4zhIDUKU/g8RQ==",
      "license": "MIT",
      "dependencies": {
        "@turf/helpers": "7.3.3",
        "@turf/invariant": "7.3.3",
        "@types/geojson": "^7946.0.10",
        "tslib": "^2.8.1"
      },
      "funding": {
        "url": "https://opencollective.com/turf"
      }
    },
    "node_modules/@turf/geojson-rbush": {
      "version": "7.3.3",
      "resolved": "https://registry.npmjs.org/@turf/geojson-rbush/-/geojson-rbush-7.3.3.tgz",
      "integrity": "sha512-J/8oew3X9iYoKR7WsD9MeLmuyeYeXy+h6z1NUF8Scs/DQgigQV/hzOv20azt9S6neyfP72yIKDEo7dNxPJcoWw==",
      "license": "MIT",
      "dependencies": {
        "@turf/bbox": "7.3.3",
        "@turf/helpers": "7.3.3",
        "@turf/meta": "7.3.3",
        "@types/geojson": "^7946.0.10",
        "rbush": "^3.0.1",
        "tslib": "^2.8.1"
      },
      "funding": {
        "url": "https://opencollective.com/turf"
      }
    },
    "node_modules/@turf/helpers": {
      "version": "7.3.3",
      "resolved": "https://registry.npmjs.org/@turf/helpers/-/helpers-7.3.3.tgz",
      "integrity": "sha512-9Ias0L1GuZPIzO6sk8jraTEuLJye6n9LYNEdw69ZGOQ6C1IigjxkPW49zmn21aTv1z27vxdVLSS3r+78DB2QnQ==",
      "license": "MIT",
      "dependencies": {
        "@types/geojson": "^7946.0.10",
        "tslib": "^2.8.1"
      },
      "funding": {
        "url": "https://opencollective.com/turf"
      }
    },
    "node_modules/@turf/invariant": {
      "version": "7.3.3",
      "resolved": "https://registry.npmjs.org/@turf/invariant/-/invariant-7.3.3.tgz",
      "integrity": "sha512-q6UDgWmtIlU+AIxt5Awnh18ZMSuNti6drCXbIBdGdgQaQ1qEiyGZDE3P9RKk6otoLXOBYecOuI0HIwf2IxurhQ==",
      "license": "MIT",
      "dependencies": {
        "@turf/helpers": "7.3.3",
        "@types/geojson": "^7946.0.10",
        "tslib": "^2.8.1"
      },
      "funding": {
        "url": "https://opencollective.com/turf"
      }
    },
    "node_modules/@turf/kinks": {
      "version": "7.3.3",
      "resolved": "https://registry.npmjs.org/@turf/kinks/-/kinks-7.3.3.tgz",
      "integrity": "sha512-+k6hB/1LIxqkt/2DTAYxx4ggq51V1iLNLm7s4a+ZV3orPob+zpVvpqENHx7ppuDHNx9x+gz1yR1AZNR0S3MXxw==",
      "license": "MIT",
      "dependencies": {
        "@turf/helpers": "7.3.3",
        "@types/geojson": "^7946.0.10",
        "tslib": "^2.8.1"
      },
      "funding": {
        "url": "https://opencollective.com/turf"
      }
    },
    "node_modules/@turf/line-intersect": {
      "version": "7.3.3",
      "resolved": "https://registry.npmjs.org/@turf/line-intersect/-/line-intersect-7.3.3.tgz",
      "integrity": "sha512-RXlIPDseXT2PplbN8GMQOE3oa6DzAGSVm6xp7qaf4VyNvhRH85J+SpCYXuilYfd6eYWUrewUI1CkO5RIqHGlCA==",
      "license": "MIT",
      "dependencies": {
        "@turf/helpers": "7.3.3",
        "@types/geojson": "^7946.0.10",
        "sweepline-intersections": "^1.5.0",
        "tslib": "^2.8.1"
      },
      "funding": {
        "url": "https://opencollective.com/turf"
      }
    },
    "node_modules/@turf/line-segment": {
      "version": "7.3.3",
      "resolved": "https://registry.npmjs.org/@turf/line-segment/-/line-segment-7.3.3.tgz",
      "integrity": "sha512-2lhD3hDa73Q3uoNcr03bnQROpT6eGDNd+eupGSE8ZLeIKFy9Kkvi5YMmLz99IjUK23HO3RNmqYFR3X6JU0+4KQ==",
      "license": "MIT",
      "dependencies": {
        "@turf/helpers": "7.3.3",
        "@turf/invariant": "7.3.3",
        "@turf/meta": "7.3.3",
        "@types/geojson": "^7946.0.10",
        "tslib": "^2.8.1"
      },
      "funding": {
        "url": "https://opencollective.com/turf"
      }
    },
    "node_modules/@turf/line-split": {
      "version": "7.3.3",
      "resolved": "https://registry.npmjs.org/@turf/line-split/-/line-split-7.3.3.tgz",
      "integrity": "sha512-vSOCO2Hwd6/ZO3evtDNxwTX3yNkDGrfIWCscnJbKc0i5KukfHxYqM6jZI/8prWeEyOt6u8eAYbAN92Ew8j5NTA==",
      "license": "MIT",
      "dependencies": {
        "@turf/bbox": "7.3.3",
        "@turf/geojson-rbush": "7.3.3",
        "@turf/helpers": "7.3.3",
        "@turf/invariant": "7.3.3",
        "@turf/line-intersect": "7.3.3",
        "@turf/line-segment": "7.3.3",
        "@turf/meta": "7.3.3",
        "@turf/nearest-point-on-line": "7.3.3",
        "@turf/truncate": "7.3.3",
        "@types/geojson": "^7946.0.10",
        "tslib": "^2.8.1"
      },
      "funding": {
        "url": "https://opencollective.com/turf"
      }
    },
    "node_modules/@turf/meta": {
      "version": "7.3.3",
      "resolved": "https://registry.npmjs.org/@turf/meta/-/meta-7.3.3.tgz",
      "integrity": "sha512-Tz1j4h70iFB5SebWWoVv/uL59x4aOngXU+d1xQDXzOCn/O6txnreGVGMcYU362c5F06yqZx38H9UFTQ553lK0w==",
      "license": "MIT",
      "dependencies": {
        "@turf/helpers": "7.3.3",
        "@types/geojson": "^7946.0.10",
        "tslib": "^2.8.1"
      },
      "funding": {
        "url": "https://opencollective.com/turf"
      }
    },
    "node_modules/@turf/nearest-point-on-line": {
      "version": "7.3.3",
      "resolved": "https://registry.npmjs.org/@turf/nearest-point-on-line/-/nearest-point-on-line-7.3.3.tgz",
      "integrity": "sha512-xFSTH7Vgqa/tMOPWzS3SZKgxCn2WB5F6v1AFAefYtCGnKy2BGM6cyLoEhegaCZKaJk2ftn/yd6P90+FBKm0nnQ==",
      "license": "MIT",
      "dependencies": {
        "@turf/distance": "7.3.3",
        "@turf/helpers": "7.3.3",
        "@turf/invariant": "7.3.3",
        "@turf/meta": "7.3.3",
        "@types/geojson": "^7946.0.10",
        "tslib": "^2.8.1"
      },
      "funding": {
        "url": "https://opencollective.com/turf"
      }
    },
    "node_modules/@turf/truncate": {
      "version": "7.3.3",
      "resolved": "https://registry.npmjs.org/@turf/truncate/-/truncate-7.3.3.tgz",
      "integrity": "sha512-p4jZMgxQWlIX8WcbjJiuxpAFwFxpXkp2jCEAWlz8hMaKEky0Kh1ZhIsE4WpUNxeFx7/QpJh9BiHbvaRKdETjIA==",
      "license": "MIT",
      "dependencies": {
        "@turf/helpers": "7.3.3",
        "@turf/meta": "7.3.3",
        "@types/geojson": "^7946.0.10",
        "tslib": "^2.8.1"
      },
      "funding": {
        "url": "https://opencollective.com/turf"
      }
    },
    "node_modules/@types/geojson": {
      "version": "7946.0.16",
      "resolved": "https://registry.npmjs.org/@types/geojson/-/geojson-7946.0.16.tgz",
      "integrity": "sha512-6C8nqWur3j98U6+lXDfTUWIfgvZU+EumvpHKcYjujKH7woYyLj2sUmff0tRhrqM7BohUw7Pz3ZB1jj2gW9Fvmg==",
      "license": "MIT"
    },
    "node_modules/bignumber.js": {
      "version": "9.3.1",
      "resolved": "https://registry.npmjs.org/bignumber.js/-/bignumber.js-9.3.1.tgz",
      "integrity": "sha512-Ko0uX15oIUS7wJ3Rb30Fs6SkVbLmPBAKdlm7q9+ak9bbIeFf0MwuBsQV6z7+X768/cHsfg+WlysDWJcmthjsjQ==",
      "license": "MIT",
      "engines": {
        "node": "*"
      }
    },
    "node_modules/leaflet": {
      "version": "1.9.4",
      "resolved": "https://registry.npmjs.org/leaflet/-/leaflet-1.9.4.tgz",
      "integrity": "sha512-nxS1ynzJOmOlHp+iL3FyWqK89GtNL8U8rvlMOsQdTTssxZwCXh8N2NB3GDQOL+YR3XnWyZAxwQixURb+FA74PA==",
      "license": "BSD-2-Clause",
      "peer": true
    },
    "node_modules/lodash": {
      "version": "4.17.23",
      "resolved": "https://registry.npmjs.org/lodash/-/lodash-4.17.23.tgz",
      "integrity": "sha512-LgVTMpQtIopCi79SJeDiP0TfWi5CNEc/L/aRdTh3yIvmZXTnheWpKjSZhnvMl8iXbC1tFg9gdHHDMLoV7CnG+w==",
      "license": "MIT"
    },
    "node_modules/point-in-polygon-hao": {
      "version": "1.2.4",
      "resolved": "https://registry.npmjs.org/point-in-polygon-hao/-/point-in-polygon-hao-1.2.4.tgz",
      "integrity": "sha512-x2pcvXeqhRHlNRdhLs/tgFapAbSSe86wa/eqmj1G6pWftbEs5aVRJhRGM6FYSUERKu0PjekJzMq0gsI2XyiclQ==",
      "license": "MIT",
      "dependencies": {
        "robust-predicates": "^3.0.2"
      }
    },
    "node_modules/polyclip-ts": {
      "version": "0.16.8",
      "resolved": "https://registry.npmjs.org/polyclip-ts/-/polyclip-ts-0.16.8.tgz",
      "integrity": "sha512-JPtKbDRuPEuAjuTdhR62Gph7Is2BS1Szx69CFOO3g71lpJDFo78k4tFyi+qFOMVPePEzdSKkpGU3NBXPHHjvKQ==",
      "license": "MIT",
      "dependencies": {
        "bignumber.js": "^9.1.0",
        "splaytree-ts": "^1.0.2"
      }
    },
    "node_modules/quickselect": {
      "version": "2.0.0",
      "resolved": "https://registry.npmjs.org/quickselect/-/quickselect-2.0.0.tgz",
      "integrity": "sha512-RKJ22hX8mHe3Y6wH/N3wCM6BWtjaxIyyUIkpHOvfFnxdI4yD4tBXEBKSbriGujF6jnSVkJrffuo6vxACiSSxIw==",
      "license": "ISC"
    },
    "node_modules/rbush": {
      "version": "3.0.1",
      "resolved": "https://registry.npmjs.org/rbush/-/rbush-3.0.1.tgz",
      "integrity": "sha512-XRaVO0YecOpEuIvbhbpTrZgoiI6xBlz6hnlr6EHhd+0x9ase6EmeN+hdwwUaJvLcsFFQ8iWVF1GAK1yB0BWi0w==",
      "license": "MIT",
      "dependencies": {
        "quickselect": "^2.0.0"
      }
    },
    "node_modules/robust-predicates": {
      "version": "3.0.2",
      "resolved": "https://registry.npmjs.org/robust-predicates/-/robust-predicates-3.0.2.tgz",
      "integrity": "sha512-IXgzBWvWQwE6PrDI05OvmXUIruQTcoMDzRsOd5CDvHCVLcLHMTSYvOK5Cm46kWqlV3yAbuSpBZdJ5oP5OUoStg==",
      "license": "Unlicense"
    },
    "node_modules/splaytree-ts": {
      "version": "1.0.2",
      "resolved": "https://registry.npmjs.org/splaytree-ts/-/splaytree-ts-1.0.2.tgz",
      "integrity": "sha512-0kGecIZNIReCSiznK3uheYB8sbstLjCZLiwcQwbmLhgHJj2gz6OnSPkVzJQCMnmEz1BQ4gPK59ylhBoEWOhGNA==",
      "license": "BDS-3-Clause"
    },
    "node_modules/sweepline-intersections": {
      "version": "1.5.0",
      "resolved": "https://registry.npmjs.org/sweepline-intersections/-/sweepline-intersections-1.5.0.tgz",
      "integrity": "sha512-AoVmx72QHpKtItPu72TzFL+kcYjd67BPLDoR0LarIk+xyaRg+pDTMFXndIEvZf9xEKnJv6JdhgRMnocoG0D3AQ==",
      "license": "MIT",
      "dependencies": {
        "tinyqueue": "^2.0.0"
      }
    },
    "node_modules/tinyqueue": {
      "version": "2.0.3",
      "resolved": "https://registry.npmjs.org/tinyqueue/-/tinyqueue-2.0.3.tgz",
      "integrity": "sha512-ppJZNDuKGgxzkHihX8v9v9G5f+18gzaTfrukGrq6ueg0lmH4nqVnA2IPG0AEH3jKEk2GRJCUhDoqpoiw3PHLBA==",
      "license": "ISC"
    },
    "node_modules/tslib": {
      "version": "2.8.1",
      "resolved": "https://registry.npmjs.org/tslib/-/tslib-2.8.1.tgz",
      "integrity": "sha512-oJFu94HQb+KVduSUQL7wnpmqnfmLsOA/nAh6b6EH0wCEoK0/mPeXU6c3wKDV83MkOuHPRHtSXKKU99IBazS/2w==",
      "license": "0BSD"
    }
  }
}
